
Microsoft Visual Studio Solution File, Format Version 12.00
Project("{FAE04EC0-301F-11D3-BF4B-00C04F79EFBC}") = "Survey360.Api", "Survey360.Api\Survey360.Api.csproj", "{D9EB4F4F-B8C9-4DD9-A608-92C95C205F03}"
EndProject
Global
	GlobalSection(SolutionConfigurationPlatforms) = preSolution
		Debug|Any CPU = Debug|Any CPU
		Release|Any CPU = Release|Any CPU
	EndGlobalSection
	GlobalSection(ProjectConfigurationPlatforms) = postSolution
		{D9EB4F4F-B8C9-4DD9-A608-92C95C205F03}.Debug|Any CPU.ActiveCfg = Debug|Any CPU
		{D9EB4F4F-B8C9-4DD9-A608-92C95C205F03}.Debug|Any CPU.Build.0 = Debug|Any CPU
		{D9EB4F4F-B8C9-4DD9-A608-92C95C205F03}.Release|Any CPU.ActiveCfg = Release|Any CPU
		{D9EB4F4F-B8C9-4DD9-A608-92C95C205F03}.Release|Any CPU.Build.0 = Release|Any CPU
	EndGlobalSection
EndGlobal
